// !$*UTF8*$!
{
	archiveVersion = 1;
	classes = {
	};
	objectVersion = 56;
	objects = {

/* Begin PBXBuildFile section */
		B10000000000000000000001 /* GuidestoopIOSApp.swift in Sources */ = {isa = PBXBuildFile; fileRef = B10000000000000000000011 /* GuidestoopIOSApp.swift */; };
		B10000000000000000000002 /* ContentView.swift in Sources */ = {isa = PBXBuildFile; fileRef = B10000000000000000000012 /* ContentView.swift */; };
		B10000000000000000000003 /* Assets.xcassets in Resources */ = {isa = PBXBuildFile; fileRef = B10000000000000000000013 /* Assets.xcassets */; };
		B10000000000000000000004 /* GuidestoopCore in Frameworks */ = {isa = PBXBuildFile; productRef = B10000000000000000000031 /* GuidestoopCore */; };
		B10000000000000000000005 /* GuidestoopStorage in Frameworks */ = {isa = PBXBuildFile; productRef = B10000000000000000000032 /* GuidestoopStorage */; };
		B10000000000000000000006 /* CachedTask.swift in Sources */ = {isa = PBXBuildFile; fileRef = B10000000000000000000016 /* CachedTask.swift */; };
		B10000000000000000000007 /* CachedProject.swift in Sources */ = {isa = PBXBuildFile; fileRef = B10000000000000000000017 /* CachedProject.swift */; };
		B10000000000000000000008 /* CachedDeletedTask.swift in Sources */ = {isa = PBXBuildFile; fileRef = B10000000000000000000018 /* CachedDeletedTask.swift */; };
		B10000000000000000000009 /* CachedOutboxEntry.swift in Sources */ = {isa = PBXBuildFile; fileRef = B10000000000000000000019 /* CachedOutboxEntry.swift */; };
		B1000000000000000000000A /* LocalStore.swift in Sources */ = {isa = PBXBuildFile; fileRef = B1000000000000000000001A /* LocalStore.swift */; };
		B1000000000000000000000B /* SyncCoordinator.swift in Sources */ = {isa = PBXBuildFile; fileRef = B1000000000000000000001B /* SyncCoordinator.swift */; };
		B1000000000000000000000C /* AppEnvironment.swift in Sources */ = {isa = PBXBuildFile; fileRef = B1000000000000000000001C /* AppEnvironment.swift */; };
		B1000000000000000000000D /* OnboardingView.swift in Sources */ = {isa = PBXBuildFile; fileRef = B1000000000000000000001D /* OnboardingView.swift */; };
		B1000000000000000000000E /* FolderBookmarkStore.swift in Sources */ = {isa = PBXBuildFile; fileRef = B1000000000000000000001E /* FolderBookmarkStore.swift */; };
		B1000000000000000000000F /* AppSession.swift in Sources */ = {isa = PBXBuildFile; fileRef = B1000000000000000000001F /* AppSession.swift */; };
		B100000000000000000000F1 /* GuidestoopTheme.swift in Sources */ = {isa = PBXBuildFile; fileRef = B100000000000000000000A1 /* GuidestoopTheme.swift */; };
		B100000000000000000000F2 /* AppShellView.swift in Sources */ = {isa = PBXBuildFile; fileRef = B100000000000000000000A2 /* AppShellView.swift */; };
		B100000000000000000000F3 /* SyncStatusBadge.swift in Sources */ = {isa = PBXBuildFile; fileRef = B100000000000000000000A3 /* SyncStatusBadge.swift */; };
		B100000000000000000000F4 /* ConflictBannerView.swift in Sources */ = {isa = PBXBuildFile; fileRef = B100000000000000000000A4 /* ConflictBannerView.swift */; };
/* End PBXBuildFile section */

/* Begin PBXFileReference section */
		B10000000000000000000010 /* GuidestoopIOS.app */ = {isa = PBXFileReference; explicitFileType = wrapper.application; includeInIndex = 0; path = GuidestoopIOS.app; sourceTree = BUILT_PRODUCTS_DIR; };
		B10000000000000000000011 /* GuidestoopIOSApp.swift */ = {isa = PBXFileReference; lastKnownFileType = sourcecode.swift; path = GuidestoopIOSApp.swift; sourceTree = "<group>"; };
		B10000000000000000000012 /* ContentView.swift */ = {isa = PBXFileReference; lastKnownFileType = sourcecode.swift; path = ContentView.swift; sourceTree = "<group>"; };
		B10000000000000000000013 /* Assets.xcassets */ = {isa = PBXFileReference; lastKnownFileType = folder.assetcatalog; path = Assets.xcassets; sourceTree = "<group>"; };
		B10000000000000000000014 /* Info.plist */ = {isa = PBXFileReference; lastKnownFileType = text.plist.xml; path = Info.plist; sourceTree = "<group>"; };
		B10000000000000000000015 /* GuidestoopIOS.entitlements */ = {isa = PBXFileReference; lastKnownFileType = text.plist.entitlements; path = GuidestoopIOS.entitlements; sourceTree = "<group>"; };
		B10000000000000000000016 /* CachedTask.swift */ = {isa = PBXFileReference; lastKnownFileType = sourcecode.swift; path = CachedTask.swift; sourceTree = "<group>"; };
		B10000000000000000000017 /* CachedProject.swift */ = {isa = PBXFileReference; lastKnownFileType = sourcecode.swift; path = CachedProject.swift; sourceTree = "<group>"; };
		B10000000000000000000018 /* CachedDeletedTask.swift */ = {isa = PBXFileReference; lastKnownFileType = sourcecode.swift; path = CachedDeletedTask.swift; sourceTree = "<group>"; };
		B10000000000000000000019 /* CachedOutboxEntry.swift */ = {isa = PBXFileReference; lastKnownFileType = sourcecode.swift; path = CachedOutboxEntry.swift; sourceTree = "<group>"; };
		B1000000000000000000001A /* LocalStore.swift */ = {isa = PBXFileReference; lastKnownFileType = sourcecode.swift; path = LocalStore.swift; sourceTree = "<group>"; };
		B1000000000000000000001B /* SyncCoordinator.swift */ = {isa = PBXFileReference; lastKnownFileType = sourcecode.swift; path = SyncCoordinator.swift; sourceTree = "<group>"; };
		B1000000000000000000001C /* AppEnvironment.swift */ = {isa = PBXFileReference; lastKnownFileType = sourcecode.swift; path = AppEnvironment.swift; sourceTree = "<group>"; };
		B1000000000000000000001D /* OnboardingView.swift */ = {isa = PBXFileReference; lastKnownFileType = sourcecode.swift; path = OnboardingView.swift; sourceTree = "<group>"; };
		B1000000000000000000001E /* FolderBookmarkStore.swift */ = {isa = PBXFileReference; lastKnownFileType = sourcecode.swift; path = FolderBookmarkStore.swift; sourceTree = "<group>"; };
		B1000000000000000000001F /* AppSession.swift */ = {isa = PBXFileReference; lastKnownFileType = sourcecode.swift; path = AppSession.swift; sourceTree = "<group>"; };
		B100000000000000000000A1 /* GuidestoopTheme.swift */ = {isa = PBXFileReference; lastKnownFileType = sourcecode.swift; path = GuidestoopTheme.swift; sourceTree = "<group>"; };
		B100000000000000000000A2 /* AppShellView.swift */ = {isa = PBXFileReference; lastKnownFileType = sourcecode.swift; path = AppShellView.swift; sourceTree = "<group>"; };
		B100000000000000000000A3 /* SyncStatusBadge.swift */ = {isa = PBXFileReference; lastKnownFileType = sourcecode.swift; path = SyncStatusBadge.swift; sourceTree = "<group>"; };
		B100000000000000000000A4 /* ConflictBannerView.swift */ = {isa = PBXFileReference; lastKnownFileType = sourcecode.swift; path = ConflictBannerView.swift; sourceTree = "<group>"; };
/* End PBXFileReference section */

/* Begin PBXFrameworksBuildPhase section */
		B10000000000000000000020 /* Frameworks */ = {
			isa = PBXFrameworksBuildPhase;
			buildActionMask = 2147483647;
			files = (
				B10000000000000000000004 /* GuidestoopCore in Frameworks */,
				B10000000000000000000005 /* GuidestoopStorage in Frameworks */,
			);
			runOnlyForDeploymentPostprocessing = 0;
		};
/* End PBXFrameworksBuildPhase section */

/* Begin PBXGroup section */
		B10000000000000000000040 = {
			isa = PBXGroup;
			children = (
				B10000000000000000000041 /* GuidestoopIOS */,
				B10000000000000000000042 /* Products */,
			);
			sourceTree = "<group>";
		};
		B10000000000000000000041 /* GuidestoopIOS */ = {
			isa = PBXGroup;
			children = (
				B10000000000000000000011 /* GuidestoopIOSApp.swift */,
				B10000000000000000000047 /* Views */,
				B10000000000000000000046 /* Theme */,
				B10000000000000000000045 /* Onboarding */,
				B10000000000000000000043 /* Data */,
				B10000000000000000000044 /* Services */,
				B10000000000000000000013 /* Assets.xcassets */,
				B10000000000000000000014 /* Info.plist */,
				B10000000000000000000015 /* GuidestoopIOS.entitlements */,
			);
			path = GuidestoopIOS;
			sourceTree = "<group>";
		};
		B10000000000000000000042 /* Products */ = {
			isa = PBXGroup;
			children = (
				B10000000000000000000010 /* GuidestoopIOS.app */,
			);
			name = Products;
			sourceTree = "<group>";
		};
		B10000000000000000000043 /* Data */ = {
			isa = PBXGroup;
			children = (
				B10000000000000000000016 /* CachedTask.swift */,
				B10000000000000000000017 /* CachedProject.swift */,
				B10000000000000000000018 /* CachedDeletedTask.swift */,
				B10000000000000000000019 /* CachedOutboxEntry.swift */,
				B1000000000000000000001A /* LocalStore.swift */,
			);
			path = Data;
			sourceTree = "<group>";
		};
		B10000000000000000000044 /* Services */ = {
			isa = PBXGroup;
			children = (
				B1000000000000000000001F /* AppSession.swift */,
				B1000000000000000000001B /* SyncCoordinator.swift */,
				B1000000000000000000001C /* AppEnvironment.swift */,
				B1000000000000000000001E /* FolderBookmarkStore.swift */,
			);
			path = Services;
			sourceTree = "<group>";
		};
		B10000000000000000000045 /* Onboarding */ = {
			isa = PBXGroup;
			children = (
				B1000000000000000000001D /* OnboardingView.swift */,
			);
			path = Onboarding;
			sourceTree = "<group>";
		};
		B10000000000000000000046 /* Theme */ = {
			isa = PBXGroup;
			children = (
				B100000000000000000000A1 /* GuidestoopTheme.swift */,
			);
			path = Theme;
			sourceTree = "<group>";
		};
		B10000000000000000000047 /* Views */ = {
			isa = PBXGroup;
			children = (
				B100000000000000000000A2 /* AppShellView.swift */,
				B10000000000000000000048 /* Components */,
			);
			path = Views;
			sourceTree = "<group>";
		};
		B10000000000000000000048 /* Components */ = {
			isa = PBXGroup;
			children = (
				B100000000000000000000A3 /* SyncStatusBadge.swift */,
				B100000000000000000000A4 /* ConflictBannerView.swift */,
			);
			path = Components;
			sourceTree = "<group>";
		};
/* End PBXGroup section */

/* Begin PBXNativeTarget section */
		B10000000000000000000050 /* GuidestoopIOS */ = {
			isa = PBXNativeTarget;
			buildConfigurationList = B10000000000000000000060 /* Build configuration list for PBXNativeTarget "GuidestoopIOS" */;
			buildPhases = (
				B10000000000000000000051 /* Sources */,
				B10000000000000000000020 /* Frameworks */,
				B10000000000000000000052 /* Resources */,
			);
			buildRules = (
			);
			dependencies = (
			);
			name = GuidestoopIOS;
			packageProductDependencies = (
				B10000000000000000000031 /* GuidestoopCore */,
				B10000000000000000000032 /* GuidestoopStorage */,
			);
			productName = GuidestoopIOS;
			productReference = B10000000000000000000010 /* GuidestoopIOS.app */;
			productType = "com.apple.product-type.application";
		};
/* End PBXNativeTarget section */

/* Begin PBXProject section */
		B10000000000000000000070 /* Project object */ = {
			isa = PBXProject;
			attributes = {
				BuildIndependentTargetsInParallel = 1;
				LastSwiftUpdateCheck = 1600;
				LastUpgradeCheck = 1600;
				TargetAttributes = {
					B10000000000000000000050 = {
						CreatedOnToolsVersion = 16.0;
					};
				};
			};
			buildConfigurationList = B10000000000000000000071 /* Build configuration list for PBXProject "GuidestoopIOS" */;
			compatibilityVersion = "Xcode 14.0";
			developmentRegion = en;
			hasScannedForEncodings = 0;
			knownRegions = (
				en,
				Base,
			);
			mainGroup = B10000000000000000000040;
			packageReferences = (
				B10000000000000000000080 /* XCLocalSwiftPackageReference "../../Packages/GuidestoopCore" */,
				B10000000000000000000081 /* XCLocalSwiftPackageReference "../../Packages/GuidestoopStorage" */,
			);
			productRefGroup = B10000000000000000000042 /* Products */;
			projectDirPath = "";
			projectRoot = "";
			targets = (
				B10000000000000000000050 /* GuidestoopIOS */,
			);
		};
/* End PBXProject section */

/* Begin PBXResourcesBuildPhase section */
		B10000000000000000000052 /* Resources */ = {
			isa = PBXResourcesBuildPhase;
			buildActionMask = 2147483647;
			files = (
				B10000000000000000000003 /* Assets.xcassets in Resources */,
			);
			runOnlyForDeploymentPostprocessing = 0;
		};
/* End PBXResourcesBuildPhase section */

/* Begin PBXSourcesBuildPhase section */
		B10000000000000000000051 /* Sources */ = {
			isa = PBXSourcesBuildPhase;
			buildActionMask = 2147483647;
			files = (
				B10000000000000000000001 /* GuidestoopIOSApp.swift in Sources */,
				B10000000000000000000006 /* CachedTask.swift in Sources */,
				B10000000000000000000007 /* CachedProject.swift in Sources */,
				B10000000000000000000008 /* CachedDeletedTask.swift in Sources */,
				B10000000000000000000009 /* CachedOutboxEntry.swift in Sources */,
				B1000000000000000000000A /* LocalStore.swift in Sources */,
				B1000000000000000000000B /* SyncCoordinator.swift in Sources */,
				B1000000000000000000000C /* AppEnvironment.swift in Sources */,
				B1000000000000000000000D /* OnboardingView.swift in Sources */,
				B1000000000000000000000E /* FolderBookmarkStore.swift in Sources */,
				B1000000000000000000000F /* AppSession.swift in Sources */,
				B100000000000000000000F1 /* GuidestoopTheme.swift in Sources */,
				B100000000000000000000F2 /* AppShellView.swift in Sources */,
				B100000000000000000000F3 /* SyncStatusBadge.swift in Sources */,
				B100000000000000000000F4 /* ConflictBannerView.swift in Sources */,
			);
			runOnlyForDeploymentPostprocessing = 0;
		};
/* End PBXSourcesBuildPhase section */

/* Begin XCBuildConfiguration section */
		B10000000000000000000090 /* Debug */ = {
			isa = XCBuildConfiguration;
			buildSettings = {
				ALWAYS_SEARCH_USER_PATHS = NO;
				ASSETCATALOG_COMPILER_GENERATE_SWIFT_ASSET_SYMBOL_EXTENSIONS = YES;
				CLANG_ANALYZER_NONNULL = YES;
				CLANG_ANALYZER_NUMBER_OBJECT_CONVERSION = YES_AGGRESSIVE;
				CLANG_CXX_LANGUAGE_STANDARD = "gnu++20";
				CLANG_ENABLE_MODULES = YES;
				CLANG_ENABLE_OBJC_ARC = YES;
				CLANG_ENABLE_OBJC_WEAK = YES;
				CLANG_WARN_BLOCK_CAPTURE_AUTORELEASING = YES;
				CLANG_WARN_BOOL_CONVERSION = YES;
				CLANG_WARN_COMMA = YES;
				CLANG_WARN_CONSTANT_CONVERSION = YES;
				CLANG_WARN_DEPRECATED_OBJC_IMPLEMENTATIONS = YES;
				CLANG_WARN_DIRECT_OBJC_ISA_USAGE = YES_ERROR;
				CLANG_WARN_DOCUMENTATION_COMMENTS = YES;
				CLANG_WARN_EMPTY_BODY = YES;
				CLANG_WARN_ENUM_CONVERSION = YES;
				CLANG_WARN_INFINITE_RECURSION = YES;
				CLANG_WARN_INT_CONVERSION = YES;
				CLANG_WARN_NON_LITERAL_NULL_CONVERSION = YES;
				CLANG_WARN_OBJC_IMPLICIT_RETAIN_SELF = YES;
				CLANG_WARN_OBJC_LITERAL_CONVERSION = YES;
				CLANG_WARN_OBJC_ROOT_CLASS = YES_ERROR;
				CLANG_WARN_QUOTED_INCLUDE_IN_FRAMEWORK_HEADER = YES;
				CLANG_WARN_RANGE_LOOP_ANALYSIS = YES;
				CLANG_WARN_STRICT_PROTOTYPES = YES;
				CLANG_WARN_SUSPICIOUS_MOVE = YES;
				CLANG_WARN_UNGUARDED_AVAILABILITY = YES_AGGRESSIVE;
				CLANG_WARN_UNREACHABLE_CODE = YES;
				CLANG_WARN__DUPLICATE_METHOD_MATCH = YES;
				COPY_PHASE_STRIP = NO;
				DEBUG_INFORMATION_FORMAT = dwarf;
				ENABLE_STRICT_OBJC_MSGSEND = YES;
				ENABLE_TESTABILITY = YES;
				ENABLE_USER_SCRIPT_SANDBOXING = YES;
				GCC_C_LANGUAGE_STANDARD = gnu17;
				GCC_DYNAMIC_NO_PIC = NO;
				GCC_NO_COMMON_BLOCKS = YES;
				GCC_OPTIMIZATION_LEVEL = 0;
				GCC_PREPROCESSOR_DEFINITIONS = (
					"DEBUG=1",
					"$(inherited)",
				);
				GCC_WARN_64_TO_32_BIT_CONVERSION = YES;
				GCC_WARN_ABOUT_RETURN_TYPE = YES_ERROR;
				GCC_WARN_UNDECLARED_SELECTOR = YES;
				GCC_WARN_UNINITIALIZED_AUTOS = YES_AGGRESSIVE;
				GCC_WARN_UNUSED_FUNCTION = YES;
				GCC_WARN_UNUSED_VARIABLE = YES;
				IPHONEOS_DEPLOYMENT_TARGET = 17.0;
				LOCALIZATION_PREFERS_STRING_CATALOGS = YES;
				MTL_ENABLE_DEBUG_INFO = INCLUDE_SOURCE;
				MTL_FAST_MATH = YES;
				ONLY_ACTIVE_ARCH = YES;
				SDKROOT = iphoneos;
				SWIFT_ACTIVE_COMPILATION_CONDITIONS = "DEBUG $(inherited)";
				SWIFT_OPTIMIZATION_LEVEL = "-Onone";
			};
			name = Debug;
		};
		B10000000000000000000091 /* Release */ = {
			isa = XCBuildConfiguration;
			buildSettings = {
				ALWAYS_SEARCH_USER_PATHS = NO;
				ASSETCATALOG_COMPILER_GENERATE_SWIFT_ASSET_SYMBOL_EXTENSIONS = YES;
				CLANG_ANALYZER_NONNULL = YES;
				CLANG_ANALYZER_NUMBER_OBJECT_CONVERSION = YES_AGGRESSIVE;
				CLANG_CXX_LANGUAGE_STANDARD = "gnu++20";
				CLANG_ENABLE_MODULES = YES;
				CLANG_ENABLE_OBJC_ARC = YES;
				CLANG_ENABLE_OBJC_WEAK = YES;
				CLANG_WARN_BLOCK_CAPTURE_AUTORELEASING = YES;
				CLANG_WARN_BOOL_CONVERSION = YES;
				CLANG_WARN_COMMA = YES;
				CLANG_WARN_CONSTANT_CONVERSION = YES;
				CLANG_WARN_DEPRECATED_OBJC_IMPLEMENTATIONS = YES;
				CLANG_WARN_DIRECT_OBJC_ISA_USAGE = YES_ERROR;
				CLANG_WARN_DOCUMENTATION_COMMENTS = YES;
				CLANG_WARN_EMPTY_BODY = YES;
				CLANG_WARN_ENUM_CONVERSION = YES;
				CLANG_WARN_INFINITE_RECURSION = YES;
				CLANG_WARN_INT_CONVERSION = YES;
				CLANG_WARN_NON_LITERAL_NULL_CONVERSION = YES;
				CLANG_WARN_OBJC_IMPLICIT_RETAIN_SELF = YES;
				CLANG_WARN_OBJC_LITERAL_CONVERSION = YES;
				CLANG_WARN_OBJC_ROOT_CLASS = YES_ERROR;
				CLANG_WARN_QUOTED_INCLUDE_IN_FRAMEWORK_HEADER = YES;
				CLANG_WARN_RANGE_LOOP_ANALYSIS = YES;
				CLANG_WARN_STRICT_PROTOTYPES = YES;
				CLANG_WARN_SUSPICIOUS_MOVE = YES;
				CLANG_WARN_UNGUARDED_AVAILABILITY = YES_AGGRESSIVE;
				CLANG_WARN_UNREACHABLE_CODE = YES;
				CLANG_WARN__DUPLICATE_METHOD_MATCH = YES;
				COPY_PHASE_STRIP = NO;
				DEBUG_INFORMATION_FORMAT = "dwarf-with-dsym";
				ENABLE_NS_ASSERTIONS = NO;
				ENABLE_STRICT_OBJC_MSGSEND = YES;
				ENABLE_USER_SCRIPT_SANDBOXING = YES;
				GCC_C_LANGUAGE_STANDARD = gnu17;
				GCC_NO_COMMON_BLOCKS = YES;
				GCC_WARN_64_TO_32_BIT_CONVERSION = YES;
				GCC_WARN_ABOUT_RETURN_TYPE = YES_ERROR;
				GCC_WARN_UNDECLARED_SELECTOR = YES;
				GCC_WARN_UNINITIALIZED_AUTOS = YES_AGGRESSIVE;
				GCC_WARN_UNUSED_FUNCTION = YES;
				GCC_WARN_UNUSED_VARIABLE = YES;
				IPHONEOS_DEPLOYMENT_TARGET = 17.0;
				LOCALIZATION_PREFERS_STRING_CATALOGS = YES;
				MTL_ENABLE_DEBUG_INFO = NO;
				MTL_FAST_MATH = YES;
				SDKROOT = iphoneos;
				SWIFT_COMPILATION_MODE = wholemodule;
				VALIDATE_PRODUCT = YES;
			};
			name = Release;
		};
		B10000000000000000000092 /* Debug */ = {
			isa = XCBuildConfiguration;
			buildSettings = {
				ASSETCATALOG_COMPILER_APPICON_NAME = AppIcon;
				ASSETCATALOG_COMPILER_GLOBAL_ACCENT_COLOR_NAME = AccentColor;
				CODE_SIGN_ENTITLEMENTS = GuidestoopIOS/GuidestoopIOS.entitlements;
				CODE_SIGN_STYLE = Automatic;
				CURRENT_PROJECT_VERSION = 1;
				DEVELOPMENT_TEAM = "";
				ENABLE_PREVIEWS = YES;
				GENERATE_INFOPLIST_FILE = NO;
				INFOPLIST_FILE = GuidestoopIOS/Info.plist;
				INFOPLIST_KEY_UIApplicationSupportsIndirectInputEvents = YES;
				LD_RUNPATH_SEARCH_PATHS = (
					"$(inherited)",
					"@executable_path/Frameworks",
				);
				MARKETING_VERSION = 1.0;
				PRODUCT_BUNDLE_IDENTIFIER = com.guidestoop.ios;
				PRODUCT_NAME = "$(TARGET_NAME)";
				SUPPORTED_PLATFORMS = "iphoneos iphonesimulator";
				SUPPORTS_MACCATALYST = NO;
				SWIFT_EMIT_LOC_STRINGS = YES;
				SWIFT_VERSION = 5.0;
				TARGETED_DEVICE_FAMILY = "1,2";
			};
			name = Debug;
		};
		B10000000000000000000093 /* Release */ = {
			isa = XCBuildConfiguration;
			buildSettings = {
				ASSETCATALOG_COMPILER_APPICON_NAME = AppIcon;
				ASSETCATALOG_COMPILER_GLOBAL_ACCENT_COLOR_NAME = AccentColor;
				CODE_SIGN_ENTITLEMENTS = GuidestoopIOS/GuidestoopIOS.entitlements;
				CODE_SIGN_STYLE = Automatic;
				CURRENT_PROJECT_VERSION = 1;
				DEVELOPMENT_TEAM = "";
				ENABLE_PREVIEWS = YES;
				GENERATE_INFOPLIST_FILE = NO;
				INFOPLIST_FILE = GuidestoopIOS/Info.plist;
				INFOPLIST_KEY_UIApplicationSupportsIndirectInputEvents = YES;
				LD_RUNPATH_SEARCH_PATHS = (
					"$(inherited)",
					"@executable_path/Frameworks",
				);
				MARKETING_VERSION = 1.0;
				PRODUCT_BUNDLE_IDENTIFIER = com.guidestoop.ios;
				PRODUCT_NAME = "$(TARGET_NAME)";
				SUPPORTED_PLATFORMS = "iphoneos iphonesimulator";
				SUPPORTS_MACCATALYST = NO;
				SWIFT_EMIT_LOC_STRINGS = YES;
				SWIFT_VERSION = 5.0;
				TARGETED_DEVICE_FAMILY = "1,2";
			};
			name = Release;
		};
/* End XCBuildConfiguration section */

/* Begin XCConfigurationList section */
		B10000000000000000000060 /* Build configuration list for PBXNativeTarget "GuidestoopIOS" */ = {
			isa = XCConfigurationList;
			buildConfigurations = (
				B10000000000000000000092 /* Debug */,
				B10000000000000000000093 /* Release */,
			);
			defaultConfigurationIsVisible = 0;
			defaultConfigurationName = Release;
		};
		B10000000000000000000071 /* Build configuration list for PBXProject "GuidestoopIOS" */ = {
			isa = XCConfigurationList;
			buildConfigurations = (
				B10000000000000000000090 /* Debug */,
				B10000000000000000000091 /* Release */,
			);
			defaultConfigurationIsVisible = 0;
			defaultConfigurationName = Release;
		};
/* End XCConfigurationList section */

/* Begin XCLocalSwiftPackageReference section */
		B10000000000000000000080 /* XCLocalSwiftPackageReference "../../Packages/GuidestoopCore" */ = {
			isa = XCLocalSwiftPackageReference;
			relativePath = ../../Packages/GuidestoopCore;
		};
		B10000000000000000000081 /* XCLocalSwiftPackageReference "../../Packages/GuidestoopStorage" */ = {
			isa = XCLocalSwiftPackageReference;
			relativePath = ../../Packages/GuidestoopStorage;
		};
/* End XCLocalSwiftPackageReference section */

/* Begin XCSwiftPackageProductDependency section */
		B10000000000000000000031 /* GuidestoopCore */ = {
			isa = XCSwiftPackageProductDependency;
			package = B10000000000000000000080 /* XCLocalSwiftPackageReference "../../Packages/GuidestoopCore" */;
			productName = GuidestoopCore;
		};
		B10000000000000000000032 /* GuidestoopStorage */ = {
			isa = XCSwiftPackageProductDependency;
			package = B10000000000000000000081 /* XCLocalSwiftPackageReference "../../Packages/GuidestoopStorage" */;
			productName = GuidestoopStorage;
		};
/* End XCSwiftPackageProductDependency section */
	};
	rootObject = B10000000000000000000070 /* Project object */;
}
